
Microsoft Visual Studio Solution File, Format Version 12.00
Project("{FAE04EC0-301F-11D3-BF4B-00C04F79EFBC}") = "BankSystem.Api", "BankSystem.Api\BankSystem.Api.csproj", "{EF8E554B-9B1D-4BD9-AF1B-C1BD1B0536CF}"
EndProject
Project("{FAE04EC0-301F-11D3-BF4B-00C04F79EFBC}") = "BankSystem.Data", "BankSystem.Data\BankSystem.Data.csproj", "{B16EECF3-129D-4AEE-A91F-22730B0DEF92}"
EndProject
Project("{FAE04EC0-301F-11D3-BF4B-00C04F79EFBC}") = "BankSystem.Services", "BankSystem.Services\BankSystem.Services.csproj", "{B2C152FC-2198-4278-886B-EE539AAFB940}"
EndProject
Project("{FAE04EC0-301F-11D3-BF4B-00C04F79EFBC}") = "BankSystem.Repositories", "BankSystem.Repositories\BankSystem.Repositories.csproj", "{54D41089-6845-4841-884E-FD4A66A7FCE9}"
EndProject
Global
	GlobalSection(SolutionConfigurationPlatforms) = preSolution
		Debug|Any CPU = Debug|Any CPU
		Release|Any CPU = Release|Any CPU
	EndGlobalSection
	GlobalSection(ProjectConfigurationPlatforms) = postSolution
		{EF8E554B-9B1D-4BD9-AF1B-C1BD1B0536CF}.Debug|Any CPU.ActiveCfg = Debug|Any CPU
		{EF8E554B-9B1D-4BD9-AF1B-C1BD1B0536CF}.Debug|Any CPU.Build.0 = Debug|Any CPU
		{EF8E554B-9B1D-4BD9-AF1B-C1BD1B0536CF}.Release|Any CPU.ActiveCfg = Release|Any CPU
		{EF8E554B-9B1D-4BD9-AF1B-C1BD1B0536CF}.Release|Any CPU.Build.0 = Release|Any CPU
		{B16EECF3-129D-4AEE-A91F-22730B0DEF92}.Debug|Any CPU.ActiveCfg = Debug|Any CPU
		{B16EECF3-129D-4AEE-A91F-22730B0DEF92}.Debug|Any CPU.Build.0 = Debug|Any CPU
		{B16EECF3-129D-4AEE-A91F-22730B0DEF92}.Release|Any CPU.ActiveCfg = Release|Any CPU
		{B16EECF3-129D-4AEE-A91F-22730B0DEF92}.Release|Any CPU.Build.0 = Release|Any CPU
		{B2C152FC-2198-4278-886B-EE539AAFB940}.Debug|Any CPU.ActiveCfg = Debug|Any CPU
		{B2C152FC-2198-4278-886B-EE539AAFB940}.Debug|Any CPU.Build.0 = Debug|Any CPU
		{B2C152FC-2198-4278-886B-EE539AAFB940}.Release|Any CPU.ActiveCfg = Release|Any CPU
		{B2C152FC-2198-4278-886B-EE539AAFB940}.Release|Any CPU.Build.0 = Release|Any CPU
		{54D41089-6845-4841-884E-FD4A66A7FCE9}.Debug|Any CPU.ActiveCfg = Debug|Any CPU
		{54D41089-6845-4841-884E-FD4A66A7FCE9}.Debug|Any CPU.Build.0 = Debug|Any CPU
		{54D41089-6845-4841-884E-FD4A66A7FCE9}.Release|Any CPU.ActiveCfg = Release|Any CPU
		{54D41089-6845-4841-884E-FD4A66A7FCE9}.Release|Any CPU.Build.0 = Release|Any CPU
	EndGlobalSection
EndGlobal
